version = 1
revision = 3
requires-python = ">=3.10, <3.13"
resolution-markers = [
    "python_full_version >= '3.12'",
    "python_full_version == '3.11.*'",
    "python_full_version < '3.11'",
]

[options]
prerelease-mode = "allow"

[[package]]
name = "aider-chat"
version = "0.86.2"
source = { registry = "https://pypi.org/simple" }
dependencies = [
    { name = "aiohappyeyeballs" },
    { name = "aiohttp" },
    { name = "aiosignal" },
    { name = "annotated-doc" },
    { name = "annotated-types" },
    { name = "anyio" },
    { name = "asgiref" },
    { name = "attrs" },
    { name = "backoff" },
    { name = "beautifulsoup4" },
    { name = "certifi" },
    { name = "cffi" },
    { name = "charset-normalizer" },
    { name = "click" },
    { name = "configargparse" },
    { name = "diff-match-patch" },
    { name = "diskcache" },
    { name = "distro" },
    { name = "fastapi" },
    { name = "fastuuid" },
    { name = "filelock" },
    { name = "flake8" },
    { name = "frozenlist" },
    { name = "fsspec" },
    { name = "gitdb" },
    { name = "gitpython" },
    { name = "grep-ast" },
    { name = "h11" },
    { name = "hf-xet" },
    { name = "httpcore" },
    { name = "httpx" },
    { name = "huggingface-hub" },
    { name = "idna" },
    { name = "importlib-metadata" },
    { name = "importlib-resources" },
    { name = "jinja2" },
    { name = "jiter" },
    { name = "json5" },
    { name = "jsonschema" },
    { name = "jsonschema-specifications" },
    { name = "litellm" },
    { name = "markdown-it-py" },
    { name = "markupsafe" },
    { name = "mccabe" },
    { name = "mdurl" },
    { name = "mixpanel" },
    { name = "mslex" },
    { name = "multidict" },
    { name = "networkx" },
    { name = "numpy" },
    { name = "openai" },
    { name = "orjson" },
    { name = "oslex" },
    { name = "packaging" },
    { name = "pathspec" },
    { name = "pexpect" },
    { name = "pillow" },
    { name = "posthog" },
    { name = "prompt-toolkit" },
    { name = "propcache" },
    { name = "psutil" },
    { name = "ptyprocess" },
    { name = "pycodestyle" },
    { name = "pycparser" },
    { name = "pydantic" },
    { name = "pydantic-core" },
    { name = "pydub" },
    { name = "pyflakes" },
    { name = "pygments" },
    { name = "pypandoc" },
    { name = "pyperclip" },
    { name = "python-dateutil" },
    { name = "python-dotenv" },
    { name = "pyyaml" },
    { name = "referencing" },
    { name = "regex" },
    { name = "requests" },
    { name = "rich" },
    { name = "rpds-py" },
    { name = "scipy" },
    { name = "shellingham" },
    { name = "shtab" },
    { name = "six" },
    { name = "smmap" },
    { name = "sniffio" },
    { name = "socksio" },
    { name = "sounddevice" },
    { name = "soundfile" },
    { name = "soupsieve" },
    { name = "starlette" },
    { name = "tiktoken" },
    { name = "tokenizers" },
    { name = "tqdm" },
    { name = "tree-sitter" },
    { name = "tree-sitter-c-sharp" },
    { name = "tree-sitter-embedded-template" },
    { name = "tree-sitter-language-pack" },
    { name = "tree-sitter-yaml" },
    { name = "typer" },
    { name = "typer-slim" },
    { name = "typing-extensions" },
    { name = "typing-inspection" },
    { name = "urllib3" },
    { name = "watchfiles" },
    { name = "wcwidth" },
    { name = "yarl" },
    { name = "zipp" },
]
sdist = { url = "https://files.pythonhosted.org/packages/39/45/71111a018c653b7e743216188fb73cd640a86abbda56b7e430f65cd45d23/aider_chat-0.86.2.tar.gz", hash = "sha256:f38a9d322f5609f0c13af82d50c6a11170185b3fdf26956e4a7e89ba19819159", size = 1318421, upload-time = "2026-02-12T00:42:54.835Z" }
wheels = [
    { url = "https://files.pythonhosted.org/packages/75/f7/e20749d9a510673e7adf910b005e3efe4ceaf9c194f1dd40d6931a3f34b9/aider_chat-0.86.2-py3-none-any.whl", hash = "sha256:64f6a0c66c9f4633ad9f479bca3e64ebcba02b9da03c6b604b74a44736b2416e", size = 377009, upload-time = "2026-02-12T00:42:52.678Z" },
]

[[package]]
name = "aiohappyeyeballs"
version = "2.6.1"
source = { registry = "https://pypi.org/simple" }
sdist = { url = "https://files.pythonhosted.org/packages/26/30/f84a107a9c4331c14b2b586036f40965c128aa4fee4dda5d3d51cb14ad54/aiohappyeyeballs-2.6.1.tar.gz", hash = "sha256:c3f9d0113123803ccadfdf3f0faa505bc78e6a72d1cc4806cbd719826e943558", size = 22760, upload-time = "2025-03-12T01:42:48.764Z" }
wheels = [
    { url = "https://files.pythonhosted.org/packages/0f/15/5bf3b99495fb160b63f95972b81750f18f7f4e02ad051373b669d17d44f2/aiohappyeyeballs-2.6.1-py3-none-any.whl", hash = "sha256:f349ba8f4b75cb25c99c5c2d84e997e485204d2902a9597802b0371f09331fb8", size = 15265, upload-time = "2025-03-12T01:42:47.083Z" },
]

[[package]]
name = "aiohttp"
version = "3.13.3"
source = { registry = "https://pypi.org/simple" }
dependencies = [
    { name = "aiohappyeyeballs" },
    { name = "aiosignal" },
    { name = "async-timeout", marker = "python_full_version < '3.11'" },
    { name = "attrs" },
    { name = "frozenlist" },
    { name = "multidict" },
    { name = "propcache" },
    { name = "yarl" },
]
sdist = { url = "https://files.pythonhosted.org/packages/50/42/32cf8e7704ceb4481406eb87161349abb46a57fee3f008ba9cb610968646/aiohttp-3.13.3.tar.gz", hash = "sha256:a949eee43d3782f2daae4f4a2819b2cb9b0c5d3b7f7a927067cc84dafdbb9f88", size = 7844556, upload-time = "2026-01-03T17:33:05.204Z" }
wheels = [
    { url = "https://files.pythonhosted.org/packages/36/d6/5aec9313ee6ea9c7cde8b891b69f4ff4001416867104580670a31daeba5b/aiohttp-3.13.3-cp310-cp310-macosx_10_9_universal2.whl", hash = "sha256:d5a372fd5afd301b3a89582817fdcdb6c34124787c70dbcc616f259013e7eef7", size = 738950, upload-time = "2026-01-03T17:29:13.002Z" },
    { url = "https://files.pythonhosted.org/packages/68/03/8fa90a7e6d11ff20a18837a8e2b5dd23db01aabc475aa9271c8ad33299f5/aiohttp-3.13.3-cp310-cp310-macosx_10_9_x86_64.whl", hash = "sha256:147e422fd1223005c22b4fe080f5d93ced44460f5f9c105406b753612b587821", size = 496099, upload-time = "2026-01-03T17:29:15.268Z" },
    { url = "https://files.pythonhosted.org/packages/d2/23/b81f744d402510a8366b74eb420fc0cc1170d0c43daca12d10814df85f10/aiohttp-3.13.3-cp310-cp310-macosx_11_0_arm64.whl", hash = "sha256:859bd3f2156e81dd01432f5849fc73e2243d4a487c4fd26609b1299534ee1845", size = 491072, upload-time = "2026-01-03T17:29:16.922Z" },
    { url = "https://files.pythonhosted.org/packages/d5/e1/56d1d1c0dd334cd203dd97706ce004c1aa24b34a813b0b8daf3383039706/aiohttp-3.13.3-cp310-cp310-manylinux2014_aarch64.manylinux_2_17_aarch64.manylinux_2_28_aarch64.whl", hash = "sha256:dca68018bf48c251ba17c72ed479f4dafe9dbd5a73707ad8d28a38d11f3d42af", size = 1671588, upload-time = "2026-01-03T17:29:18.539Z" },
    { url = "https://files.pythonhosted.org/packages/5f/34/8d7f962604f4bc2b4e39eb1220dac7d4e4cba91fb9ba0474b4ecd67db165/aiohttp-3.13.3-cp310-cp310-manylinux2014_armv7l.manylinux_2_17_armv7l.manylinux_2_31_armv7l.whl", hash = "sha256:fee0c6bc7db1de362252affec009707a17478a00ec69f797d23ca256e36d5940", size = 1640334, upload-time = "2026-01-03T17:29:21.028Z" },
    { url = "https://files.pythonhosted.org/packages/94/1d/fcccf2c668d87337ddeef9881537baee13c58d8f01f12ba8a24215f2b804/aiohttp-3.13.3-cp310-cp310-manylinux2014_ppc64le.manylinux_2_17_ppc64le.manylinux_2_28_ppc64le.whl", hash = "sha256:c048058117fd649334d81b4b526e94bde3ccaddb20463a815ced6ecbb7d11160", size = 1722656, upload-time = "2026-01-03T17:29:22.531Z" },
    { url = "https://files.pythonhosted.org/packages/aa/98/c6f3b081c4c606bc1e5f2ec102e87d6411c73a9ef3616fea6f2d5c98c062/aiohttp-3.13.3-cp310-cp310-manylinux2014_s390x.manylinux_2_17_s390x.manylinux_2_28_s390x.whl", hash = "sha256:215a685b6fbbfcf71dfe96e3eba7a6f58f10da1dfdf4889c7dd856abe430dca7", size = 1817625, upload-time = "2026-01-03T17:29:24.276Z" },
    { url = "https://files.pythonhosted.org/packages/2c/c0/cfcc3d2e11b477f86e1af2863f3858c8850d751ce8dc39c4058a072c9e54/aiohttp-3.13.3-cp310-cp310-manylinux2014_x86_64.manylinux_2_17_x86_64.manylinux_2_28_x86_64.whl", hash = "sha256:de2c184bb1fe2cbd2cefba613e9db29a5ab559323f994b6737e370d3da0ac455", size = 1672604, upload-time = "2026-01-03T17:29:26.099Z" },
    { url = "https://files.pythonhosted.org/packages/1e/77/6b4ffcbcac4c6a5d041343a756f34a6dd26174ae07f977a64fe028dda5b0/aiohttp-3.13.3-cp310-cp310-manylinux_2_31_riscv64.manylinux_2_39_riscv64.whl", hash = "sha256:75ca857eba4e20ce9f546cd59c7007b33906a4cd48f2ff6ccf1ccfc3b646f279", size = 1554370, upload-time = "2026-01-03T17:29:28.121Z" },
    { url = "https://files.pythonhosted.org/packages/f2/f0/e3ddfa93f17d689dbe014ba048f18e0c9f9b456033b70e94349a2e9048be/aiohttp-3.13.3-cp310-cp310-musllinux_1_2_aarch64.whl", hash = "sha256:81e97251d9298386c2b7dbeb490d3d1badbdc69107fb8c9299dd04eb39bddc0e", size = 1642023, upload-time = "2026-01-03T17:29:30.002Z" },
    { url = "https://files.pythonhosted.org/packages/eb/45/c14019c9ec60a8e243d06d601b33dcc4fd92379424bde3021725859d7f99/aiohttp-3.13.3-cp310-cp310-musllinux_1_2_armv7l.whl", hash = "sha256:c0e2d366af265797506f0283487223146af57815b388623f0357ef7eac9b209d", size = 1649680, upload-time = "2026-01-03T17:29:31.782Z" },
    { url = "https://files.pythonhosted.org/packages/9c/fd/09c9451dae5aa5c5ed756df95ff9ef549d45d4be663bafd1e4954fd836f0/aiohttp-3.13.3-cp310-cp310-musllinux_1_2_ppc64le.whl", hash = "sha256:4e239d501f73d6db1522599e14b9b321a7e3b1de66ce33d53a765d975e9f4808", size = 1692407, upload-time = "2026-01-03T17:29:33.392Z" },
    { url = "https://files.pythonhosted.org/packages/a6/81/938bc2ec33c10efd6637ccb3d22f9f3160d08e8f3aa2587a2c2d5ab578eb/aiohttp-3.13.3-cp310-cp310-musllinux_1_2_riscv64.whl", hash = "sha256:0db318f7a6f065d84cb1e02662c526294450b314a02bd9e2a8e67f0d8564ce40", size = 1543047, upload-time = "2026-01-03T17:29:34.855Z" },
    { url = "https://files.pythonhosted.org/packages/f7/23/80488ee21c8d567c83045e412e1d9b7077d27171591a4eb7822586e8c06a/aiohttp-3.13.3-cp310-cp310-musllinux_1_2_s390x.whl", hash = "sha256:bfc1cc2fe31a6026a8a88e4ecfb98d7f6b1fec150cfd708adbfd1d2f42257c29", size = 1715264, upload-time = "2026-01-03T17:29:36.389Z" },
    { url = "https://files.pythonhosted.org/packages/e2/83/259a8da6683182768200b368120ab3deff5370bed93880fb9a3a86299f34/ai